
Microsoft Visual Studio Solution File, Format Version 12.00
# Visual Studio Version 17
VisualStudioVersion = 17.7.34221.43
MinimumVisualStudioVersion = 10.0.40219.1
Project("{9A19103F-16F7-4668-BE54-9A1E7A4F7556}") = "OpenAPI.Console", "OpenAPI.Console\OpenAPI.Console.csproj", "{E8254E41-1D74-4415-8F41-FF6F18EBCC48}"
EndProject
Project("{9A19103F-16F7-4668-BE54-9A1E7A4F7556}") = "OpenAPI.TR.Entity", "OpenAPI.TR.Entity\OpenAPI.TR.Entity.csproj", "{36757BB0-C49C-4315-87B5-62996F8848E1}"
EndProject
Project("{9A19103F-16F7-4668-BE54-9A1E7A4F7556}") = "Ant.Modules", "..\SecuritiesModules\Ant.Modules\Ant.Modules.csproj", "{9EF1A47F-73A7-4F6F-86E7-0EB8A409ACD5}"
EndProject
Project("{9A19103F-16F7-4668-BE54-9A1E7A4F7556}") = "OpenAPI.Control.x86", "OpenAPI.Control.x86\OpenAPI.Control.x86.csproj", "{F45B387C-24C2-4A5C-95C3-875E09B79BA1}"
EndProject
Project("{9A19103F-16F7-4668-BE54-9A1E7A4F7556}") = "OpenAPI.WinForm.x86", "OpenAPI.WinForm.x86\OpenAPI.WinForm.x86.csproj", "{ACEC0C6F-0782-4695-8300-BE9F32111683}"
EndProject
Project("{FAE04EC0-301F-11D3-BF4B-00C04F79EFBC}") = "OpenAPI.Ant.x86", "OpenAPI.Ant.x86\OpenAPI.Ant.x86.csproj", "{3A1CFED1-A2DD-4C36-AEFB-72747C6F8E6F}"
EndProject
Global
	GlobalSection(SolutionConfigurationPlatforms) = preSolution
		Debug|Any CPU = Debug|Any CPU
		Release|Any CPU = Release|Any CPU
	EndGlobalSection
	GlobalSection(ProjectConfigurationPlatforms) = postSolution
		{E8254E41-1D74-4415-8F41-FF6F18EBCC48}.Debug|Any CPU.ActiveCfg = Debug|Any CPU
		{E8254E41-1D74-4415-8F41-FF6F18EBCC48}.Debug|Any CPU.Build.0 = Debug|Any CPU
		{E8254E41-1D74-4415-8F41-FF6F18EBCC48}.Release|Any CPU.ActiveCfg = Release|Any CPU
		{E8254E41-1D74-4415-8F41-FF6F18EBCC48}.Release|Any CPU.Build.0 = Release|Any CPU
		{36757BB0-C49C-4315-87B5-62996F8848E1}.Debug|Any CPU.ActiveCfg = Debug|Any CPU
		{36757BB0-C49C-4315-87B5-62996F8848E1}.Debug|Any CPU.Build.0 = Debug|Any CPU
		{36757BB0-C49C-4315-87B5-62996F8848E1}.Release|Any CPU.ActiveCfg = Release|Any CPU
		{36757BB0-C49C-4315-87B5-62996F8848E1}.Release|Any CPU.Build.0 = Release|Any CPU
		{9EF1A47F-73A7-4F6F-86E7-0EB8A409ACD5}.Debug|Any CPU.ActiveCfg = Debug|Any CPU
		{9EF1A47F-73A7-4F6F-86E7-0EB8A409ACD5}.Debug|Any CPU.Build.0 = Debug|Any CPU
		{9EF1A47F-73A7-4F6F-86E7-0EB8A409ACD5}.Release|Any CPU.ActiveCfg = Release|Any CPU
		{9EF1A47F-73A7-4F6F-86E7-0EB8A409ACD5}.Release|Any CPU.Build.0 = Release|Any CPU
		{F45B387C-24C2-4A5C-95C3-875E09B79BA1}.Debug|Any CPU.ActiveCfg = Debug|Any CPU
		{F45B387C-24C2-4A5C-95C3-875E09B79BA1}.Debug|Any CPU.Build.0 = Debug|Any CPU
		{F45B387C-24C2-4A5C-95C3-875E09B79BA1}.Release|Any CPU.ActiveCfg = Release|Any CPU
		{F45B387C-24C2-4A5C-95C3-875E09B79BA1}.Release|Any CPU.Build.0 = Release|Any CPU
		{ACEC0C6F-0782-4695-8300-BE9F32111683}.Debug|Any CPU.ActiveCfg = Debug|Any CPU
		{ACEC0C6F-0782-4695-8300-BE9F32111683}.Debug|Any CPU.Build.0 = Debug|Any CPU
		{ACEC0C6F-0782-4695-8300-BE9F32111683}.Release|Any CPU.ActiveCfg = Release|Any CPU
		{ACEC0C6F-0782-4695-8300-BE9F32111683}.Release|Any CPU.Build.0 = Release|Any CPU
		{3A1CFED1-A2DD-4C36-AEFB-72747C6F8E6F}.Debug|Any CPU.ActiveCfg = Debug|Any CPU
		{3A1CFED1-A2DD-4C36-AEFB-72747C6F8E6F}.Debug|Any CPU.Build.0 = Debug|Any CPU
		{3A1CFED1-A2DD-4C36-AEFB-72747C6F8E6F}.Release|Any CPU.ActiveCfg = Release|Any CPU
		{3A1CFED1-A2DD-4C36-AEFB-72747C6F8E6F}.Release|Any CPU.Build.0 = Release|Any CPU
	EndGlobalSection
	GlobalSection(SolutionProperties) = preSolution
		HideSolutionNode = FALSE
	EndGlobalSection
	GlobalSection(ExtensibilityGlobals) = postSolution
		SolutionGuid = {455EB46A-9CC7-4D66-86A0-3C2AD85FA55E}
	EndGlobalSection
EndGlobal
